
Microsoft Visual Studio Solution File, Format Version 12.00
# Visual Studio Version 17
VisualStudioVersion = 17.0.31903.59
MinimumVisualStudioVersion = 10.0.40219.1
Project("{2150E333-8FDC-42A3-9474-1A3956D46DE8}") = "src", "src", "{CF8AF3FB-8929-44EB-89D2-02286571DA41}"
EndProject
Project("{FAE04EC0-301F-11D3-BF4B-00C04F79EFBC}") = "Catchen.Affiliates", "src\Catchen.Affiliates\Catchen.Affiliates.csproj", "{0DF52912-0FE5-4FCB-A9D9-721A4BDDD721}"
EndProject
Project("{FAE04EC0-301F-11D3-BF4B-00C04F79EFBC}") = "Catchen.Api", "src\Catchen.Api\Catchen.Api.csproj", "{64BBD908-55C3-4FD9-82EA-672621AAB67A}"
EndProject
Project("{FAE04EC0-301F-11D3-BF4B-00C04F79EFBC}") = "Catchen.Catalog", "src\Catchen.Catalog\Catchen.Catalog.csproj", "{7A77BB58-218F-4455-BFD6-249E6569DD10}"
EndProject
Project("{FAE04EC0-301F-11D3-BF4B-00C04F79EFBC}") = "Catchen.Commerce", "src\Catchen.Commerce\Catchen.Commerce.csproj", "{B2FD7045-3102-431F-9150-CD5CB3F65A56}"
EndProject
Project("{FAE04EC0-301F-11D3-BF4B-00C04F79EFBC}") = "Catchen.Data", "src\Catchen.Data\Catchen.Data.csproj", "{0F3DD708-D974-4E1C-AC70-17EB70FE9A9C}"
EndProject
Project("{FAE04EC0-301F-11D3-BF4B-00C04F79EFBC}") = "Catchen.Documents", "src\Catchen.Documents\Catchen.Documents.csproj", "{77EA843A-7C9B-459B-87DD-03448419C5A0}"
EndProject
Project("{FAE04EC0-301F-11D3-BF4B-00C04F79EFBC}") = "Catchen.Editorial", "src\Catchen.Editorial\Catchen.Editorial.csproj", "{646BA80A-A8E8-4744-B38C-7EEE8FB48EA5}"
EndProject
Project("{FAE04EC0-301F-11D3-BF4B-00C04F79EFBC}") = "Catchen.Identity", "src\Catchen.Identity\Catchen.Identity.csproj", "{0868D2C2-DD62-4CA1-9771-12E7725BBE31}"
EndProject
Project("{FAE04EC0-301F-11D3-BF4B-00C04F79EFBC}") = "Catchen.Moderation", "src\Catchen.Moderation\Catchen.Moderation.csproj", "{9A60395C-B8AF-4390-8080-D0E681FD962A}"
EndProject
Project("{FAE04EC0-301F-11D3-BF4B-00C04F79EFBC}") = "Catchen.Reporting", "src\Catchen.Reporting\Catchen.Reporting.csproj", "{65C2C0A0-B876-46CD-ACA1-C80E0BC3E307}"
EndProject
Project("{2150E333-8FDC-42A3-9474-1A3956D46DE8}") = "tests", "tests", "{5F15F32D-FB5D-4E84-AF77-E51B13569FDB}"
EndProject
Project("{FAE04EC0-301F-11D3-BF4B-00C04F79EFBC}") = "Catchen.ArchitectureTests", "tests\Catchen.ArchitectureTests\Catchen.ArchitectureTests.csproj", "{29DCB571-EFDB-4DAB-B0AE-4CD092CA140A}"
EndProject
Project("{FAE04EC0-301F-11D3-BF4B-00C04F79EFBC}") = "Catchen.UnitTests", "tests\Catchen.UnitTests\Catchen.UnitTests.csproj", "{53B5519D-D32A-45A5-8C78-B382BACFBFD9}"
EndProject
Global
	GlobalSection(SolutionConfigurationPlatforms) = preSolution
		Debug|Any CPU = Debug|Any CPU
		Release|Any CPU = Release|Any CPU
	EndGlobalSection
	GlobalSection(SolutionProperties) = preSolution
		HideSolutionNode = FALSE
	EndGlobalSection
	GlobalSection(ProjectConfigurationPlatforms) = postSolution
		{0DF52912-0FE5-4FCB-A9D9-721A4BDDD721}.Debug|Any CPU.ActiveCfg = Debug|Any CPU
		{0DF52912-0FE5-4FCB-A9D9-721A4BDDD721}.Debug|Any CPU.Build.0 = Debug|Any CPU
		{0DF52912-0FE5-4FCB-A9D9-721A4BDDD721}.Release|Any CPU.ActiveCfg = Release|Any CPU
		{0DF52912-0FE5-4FCB-A9D9-721A4BDDD721}.Release|Any CPU.Build.0 = Release|Any CPU
		{64BBD908-55C3-4FD9-82EA-672621AAB67A}.Debug|Any CPU.ActiveCfg = Debug|Any CPU
		{64BBD908-55C3-4FD9-82EA-672621AAB67A}.Debug|Any CPU.Build.0 = Debug|Any CPU
		{64BBD908-55C3-4FD9-82EA-672621AAB67A}.Release|Any CPU.ActiveCfg = Release|Any CPU
		{64BBD908-55C3-4FD9-82EA-672621AAB67A}.Release|Any CPU.Build.0 = Release|Any CPU
		{7A77BB58-218F-4455-BFD6-249E6569DD10}.Debug|Any CPU.ActiveCfg = Debug|Any CPU
		{7A77BB58-218F-4455-BFD6-249E6569DD10}.Debug|Any CPU.Build.0 = Debug|Any CPU
		{7A77BB58-218F-4455-BFD6-249E6569DD10}.Release|Any CPU.ActiveCfg = Release|Any CPU
		{7A77BB58-218F-4455-BFD6-249E6569DD10}.Release|Any CPU.Build.0 = Release|Any CPU
		{B2FD7045-3102-431F-9150-CD5CB3F65A56}.Debug|Any CPU.ActiveCfg = Debug|Any CPU
		{B2FD7045-3102-431F-9150-CD5CB3F65A56}.Debug|Any CPU.Build.0 = Debug|Any CPU
		{B2FD7045-3102-431F-9150-CD5CB3F65A56}.Release|Any CPU.ActiveCfg = Release|Any CPU
		{B2FD7045-3102-431F-9150-CD5CB3F65A56}.Release|Any CPU.Build.0 = Release|Any CPU
		{0F3DD708-D974-4E1C-AC70-17EB70FE9A9C}.Debug|Any CPU.ActiveCfg = Debug|Any CPU
		{0F3DD708-D974-4E1C-AC70-17EB70FE9A9C}.Debug|Any CPU.Build.0 = Debug|Any CPU
		{0F3DD708-D974-4E1C-AC70-17EB70FE9A9C}.Release|Any CPU.ActiveCfg = Release|Any CPU
		{0F3DD708-D974-4E1C-AC70-17EB70FE9A9C}.Release|Any CPU.Build.0 = Release|Any CPU
		{77EA843A-7C9B-459B-87DD-03448419C5A0}.Debug|Any CPU.ActiveCfg = Debug|Any CPU
		{77EA843A-7C9B-459B-87DD-03448419C5A0}.Debug|Any CPU.Build.0 = Debug|Any CPU
		{77EA843A-7C9B-459B-87DD-03448419C5A0}.Release|Any CPU.ActiveCfg = Release|Any CPU
		{77EA843A-7C9B-459B-87DD-03448419C5A0}.Release|Any CPU.Build.0 = Release|Any CPU
		{646BA80A-A8E8-4744-B38C-7EEE8FB48EA5}.Debug|Any CPU.ActiveCfg = Debug|Any CPU
		{646BA80A-A8E8-4744-B38C-7EEE8FB48EA5}.Debug|Any CPU.Build.0 = Debug|Any CPU
		{646BA80A-A8E8-4744-B38C-7EEE8FB48EA5}.Release|Any CPU.ActiveCfg = Release|Any CPU
		{646BA80A-A8E8-4744-B38C-7EEE8FB48EA5}.Release|Any CPU.Build.0 = Release|Any CPU
		{0868D2C2-DD62-4CA1-9771-12E7725BBE31}.Debug|Any CPU.ActiveCfg = Debug|Any CPU
		{0868D2C2-DD62-4CA1-9771-12E7725BBE31}.Debug|Any CPU.Build.0 = Debug|Any CPU
		{0868D2C2-DD62-4CA1-9771-12E7725BBE31}.Release|Any CPU.ActiveCfg = Release|Any CPU
		{0868D2C2-DD62-4CA1-9771-12E7725BBE31}.Release|Any CPU.Build.0 = Release|Any CPU
		{9A60395C-B8AF-4390-8080-D0E681FD962A}.Debug|Any CPU.ActiveCfg = Debug|Any CPU
		{9A60395C-B8AF-4390-8080-D0E681FD962A}.Debug|Any CPU.Build.0 = Debug|Any CPU
		{9A60395C-B8AF-4390-8080-D0E681FD962A}.Release|Any CPU.ActiveCfg = Release|Any CPU
		{9A60395C-B8AF-4390-8080-D0E681FD962A}.Release|Any CPU.Build.0 = Release|Any CPU
		{65C2C0A0-B876-46CD-ACA1-C80E0BC3E307}.Debug|Any CPU.ActiveCfg = Debug|Any CPU
		{65C2C0A0-B876-46CD-ACA1-C80E0BC3E307}.Debug|Any CPU.Build.0 = Debug|Any CPU
		{65C2C0A0-B876-46CD-ACA1-C80E0BC3E307}.Release|Any CPU.ActiveCfg = Release|Any CPU
		{65C2C0A0-B876-46CD-ACA1-C80E0BC3E307}.Release|Any CPU.Build.0 = Release|Any CPU
		{29DCB571-EFDB-4DAB-B0AE-4CD092CA140A}.Debug|Any CPU.ActiveCfg = Debug|Any CPU
		{29DCB571-EFDB-4DAB-B0AE-4CD092CA140A}.Debug|Any CPU.Build.0 = Debug|Any CPU
		{29DCB571-EFDB-4DAB-B0AE-4CD092CA140A}.Release|Any CPU.ActiveCfg = Release|Any CPU
		{29DCB571-EFDB-4DAB-B0AE-4CD092CA140A}.Release|Any CPU.Build.0 = Release|Any CPU
		{53B5519D-D32A-45A5-8C78-B382BACFBFD9}.Debug|Any CPU.ActiveCfg = Debug|Any CPU
		{53B5519D-D32A-45A5-8C78-B382BACFBFD9}.Debug|Any CPU.Build.0 = Debug|Any CPU
		{53B5519D-D32A-45A5-8C78-B382BACFBFD9}.Release|Any CPU.ActiveCfg = Release|Any CPU
		{53B5519D-D32A-45A5-8C78-B382BACFBFD9}.Release|Any CPU.Build.0 = Release|Any CPU
	EndGlobalSection
	GlobalSection(NestedProjects) = preSolution
		{0DF52912-0FE5-4FCB-A9D9-721A4BDDD721} = {CF8AF3FB-8929-44EB-89D2-02286571DA41}
		{64BBD908-55C3-4FD9-82EA-672621AAB67A} = {CF8AF3FB-8929-44EB-89D2-02286571DA41}
		{7A77BB58-218F-4455-BFD6-249E6569DD10} = {CF8AF3FB-8929-44EB-89D2-02286571DA41}
		{B2FD7045-3102-431F-9150-CD5CB3F65A56} = {CF8AF3FB-8929-44EB-89D2-02286571DA41}
		{0F3DD708-D974-4E1C-AC70-17EB70FE9A9C} = {CF8AF3FB-8929-44EB-89D2-02286571DA41}
		{77EA843A-7C9B-459B-87DD-03448419C5A0} = {CF8AF3FB-8929-44EB-89D2-02286571DA41}
		{646BA80A-A8E8-4744-B38C-7EEE8FB48EA5} = {CF8AF3FB-8929-44EB-89D2-02286571DA41}
		{0868D2C2-DD62-4CA1-9771-12E7725BBE31} = {CF8AF3FB-8929-44EB-89D2-02286571DA41}
		{9A60395C-B8AF-4390-8080-D0E681FD962A} = {CF8AF3FB-8929-44EB-89D2-02286571DA41}
		{65C2C0A0-B876-46CD-ACA1-C80E0BC3E307} = {CF8AF3FB-8929-44EB-89D2-02286571DA41}
		{29DCB571-EFDB-4DAB-B0AE-4CD092CA140A} = {5F15F32D-FB5D-4E84-AF77-E51B13569FDB}
		{53B5519D-D32A-45A5-8C78-B382BACFBFD9} = {5F15F32D-FB5D-4E84-AF77-E51B13569FDB}
	EndGlobalSection
EndGlobal
